
Microsoft Visual Studio Solution File, Format Version 12.00
# Visual Studio Version 16
VisualStudioVersion = 16.0.29418.71
MinimumVisualStudioVersion = 10.0.40219.1
Project("{FAE04EC0-301F-11D3-BF4B-00C04F79EFBC}") = "ExtendedDocCommentsProvider2019", "ExtendedDocCommentsProvider2019\ExtendedDocCommentsProvider2019.csproj", "{5B89B922-B76A-42EE-9F61-03818A41D510}"
EndProject
Project("{2150E333-8FDC-42A3-9474-1A3956D46DE8}") = ".nuget", ".nuget", "{A2FF48C8-0E66-411C-8204-2CAC730A8C56}"
	ProjectSection(SolutionItems) = preProject
		.nuget\NuGet.Config = .nuget\NuGet.Config
	EndProjectSection
EndProject
Project("{2150E333-8FDC-42A3-9474-1A3956D46DE8}") = "Solution Items", "Solution Items", "{A4DAA35D-130C-4800-8430-0B25FB2DC754}"
	ProjectSection(SolutionItems) = preProject
		.editorconfig = .editorconfig
		ExtendedDocCommentsProvider2019.sln.vsspell = ExtendedDocCommentsProvider2019.sln.vsspell
		ExtendedDocCommentsProvider.snk = ExtendedDocCommentsProvider.snk
	EndProjectSection
EndProject
Project("{D954291E-2A0B-460D-934E-DC6B0785DB48}") = "ExtendedDocCommentsProvider.Shared", "ExtendedDocCommentsProvider.Shared\ExtendedDocCommentsProvider.Shared.shproj", "{4D11091E-EBEE-4B03-A201-4D1A2DD6A465}"
EndProject
Global
	GlobalSection(SharedMSBuildProjectFiles) = preSolution
		ExtendedDocCommentsProvider.Shared\ExtendedDocCommentsProvider.Shared.projitems*{4d11091e-ebee-4b03-a201-4d1a2dd6a465}*SharedItemsImports = 13
		ExtendedDocCommentsProvider.Shared\ExtendedDocCommentsProvider.Shared.projitems*{5b89b922-b76a-42ee-9f61-03818a41d510}*SharedItemsImports = 4
	EndGlobalSection
	GlobalSection(SolutionConfigurationPlatforms) = preSolution
		Debug2019|Any CPU = Debug2019|Any CPU
		Debug2022|Any CPU = Debug2022|Any CPU
		Release|Any CPU = Release|Any CPU
	EndGlobalSection
	GlobalSection(ProjectConfigurationPlatforms) = postSolution
		{5B89B922-B76A-42EE-9F61-03818A41D510}.Debug2019|Any CPU.ActiveCfg = Debug2019|Any CPU
		{5B89B922-B76A-42EE-9F61-03818A41D510}.Debug2019|Any CPU.Build.0 = Debug2019|Any CPU
		{5B89B922-B76A-42EE-9F61-03818A41D510}.Debug2022|Any CPU.ActiveCfg = Debug2022|Any CPU
		{5B89B922-B76A-42EE-9F61-03818A41D510}.Debug2022|Any CPU.Build.0 = Debug2022|Any CPU
		{5B89B922-B76A-42EE-9F61-03818A41D510}.Release|Any CPU.ActiveCfg = Release|Any CPU
		{5B89B922-B76A-42EE-9F61-03818A41D510}.Release|Any CPU.Build.0 = Release|Any CPU
	EndGlobalSection
	GlobalSection(SolutionProperties) = preSolution
		HideSolutionNode = FALSE
	EndGlobalSection
	GlobalSection(ExtensibilityGlobals) = postSolution
		SolutionGuid = {496EDFE6-42D3-47D2-8409-BC38558D3FEF}
	EndGlobalSection
EndGlobal
